
Microsoft Visual Studio Solution File, Format Version 12.00
# Visual Studio 15
VisualStudioVersion = 15.0.27428.2027
MinimumVisualStudioVersion = 10.0.40219.1
Project("{FAE04EC0-301F-11D3-BF4B-00C04F79EFBC}") = "CampussAvanzadaa", "CampussAvanzadaa\CampussAvanzadaa.csproj", "{235ACAF7-33FC-4515-9166-F64187E4527A}"
EndProject
Global
	GlobalSection(SolutionConfigurationPlatforms) = preSolution
		Debug|Any CPU = Debug|Any CPU
		Release|Any CPU = Release|Any CPU
	EndGlobalSection
	GlobalSection(ProjectConfigurationPlatforms) = postSolution
		{235ACAF7-33FC-4515-9166-F64187E4527A}.Debug|Any CPU.ActiveCfg = Debug|Any CPU
		{235ACAF7-33FC-4515-9166-F64187E4527A}.Debug|Any CPU.Build.0 = Debug|Any CPU
		{235ACAF7-33FC-4515-9166-F64187E4527A}.Release|Any CPU.ActiveCfg = Release|Any CPU
		{235ACAF7-33FC-4515-9166-F64187E4527A}.Release|Any CPU.Build.0 = Release|Any CPU
	EndGlobalSection
	GlobalSection(SolutionProperties) = preSolution
		HideSolutionNode = FALSE
	EndGlobalSection
	GlobalSection(ExtensibilityGlobals) = postSolution
		SolutionGuid = {3408C178-5BBC-46BE-A024-5FEED4CA8D79}
	EndGlobalSection
EndGlobal
